// !$*UTF8*$!
{
	archiveVersion = 1;
	classes = {
	};
	objectVersion = 50;
	objects = {

/* Begin PBXBuildFile section */
		0ED2DD6C2296523400B82F02 /* AppDelegate.m in Sources */ = {isa = PBXBuildFile; fileRef = 0ED2DD6B2296523400B82F02 /* AppDelegate.m */; };
		0ED2DD6F2296523400B82F02 /* ViewController.m in Sources */ = {isa = PBXBuildFile; fileRef = 0ED2DD6E2296523400B82F02 /* ViewController.m */; };
		0ED2DD722296523400B82F02 /* Main.storyboard in Resources */ = {isa = PBXBuildFile; fileRef = 0ED2DD702296523400B82F02 /* Main.storyboard */; };
		0ED2DD742296523500B82F02 /* Assets.xcassets in Resources */ = {isa = PBXBuildFile; fileRef = 0ED2DD732296523500B82F02 /* Assets.xcassets */; };
		0ED2DD772296523500B82F02 /* LaunchScreen.storyboard in Resources */ = {isa = PBXBuildFile; fileRef = 0ED2DD752296523500B82F02 /* LaunchScreen.storyboard */; };
		0ED2DD7A2296523500B82F02 /* main.m in Sources */ = {isa = PBXBuildFile; fileRef = 0ED2DD792296523500B82F02 /* main.m */; };
		0ED2DD842296523500B82F02 /* CustomButtonsTests.m in Sources */ = {isa = PBXBuildFile; fileRef = 0ED2DD832296523500B82F02 /* CustomButtonsTests.m */; };
		0ED2DD8F2296523500B82F02 /* CustomButtonsUITests.m in Sources */ = {isa = PBXBuildFile; fileRef = 0ED2DD8E2296523500B82F02 /* CustomButtonsUITests.m */; };
/* End PBXBuildFile section */

/* Begin PBXContainerItemProxy section */
		0ED2DD802296523500B82F02 /* PBXContainerItemProxy */ = {
			isa = PBXContainerItemProxy;
			containerPortal = 0ED2DD5F2296523400B82F02 /* Project object */;
			proxyType = 1;
			remoteGlobalIDString = 0ED2DD662296523400B82F02;
			remoteInfo = CustomButtons;
		};
		0ED2DD8B2296523500B82F02 /* PBXContainerItemProxy */ = {
			isa = PBXContainerItemProxy;
			containerPortal = 0ED2DD5F2296523400B82F02 /* Project object */;
			proxyType = 1;
			remoteGlobalIDString = 0ED2DD662296523400B82F02;
			remoteInfo = CustomButtons;
		};
/* End PBXContainerItemProxy section */

/* Begin PBXFileReference section */
		0ED2DD672296523400B82F02 /* CustomButtons.app */ = {isa = PBXFileReference; explicitFileType = wrapper.application; includeInIndex = 0; path = CustomButtons.app; sourceTree = BUILT_PRODUCTS_DIR; };
		0ED2DD6A2296523400B82F02 /* AppDelegate.h */ = {isa = PBXFileReference; lastKnownFileType = sourcecode.c.h; path = AppDelegate.h; sourceTree = "<group>"; };
		0ED2DD6B2296523400B82F02 /* AppDelegate.m */ = {isa = PBXFileReference; lastKnownFileType = sourcecode.c.objc; path = AppDelegate.m; sourceTree = "<group>"; };
		0ED2DD6D2296523400B82F02 /* ViewController.h */ = {isa = PBXFileReference; lastKnownFileType = sourcecode.c.h; path = ViewController.h; sourceTree = "<group>"; };
		0ED2DD6E2296523400B82F02 /* ViewController.m */ = {isa = PBXFileReference; lastKnownFileType = sourcecode.c.objc; path = ViewController.m; sourceTree = "<group>"; };
		0ED2DD712296523400B82F02 /* Base */ = {isa = PBXFileReference; lastKnownFileType = file.storyboard; name = Base; path = Base.lproj/Main.storyboard; sourceTree = "<group>"; };
		0ED2DD732296523500B82F02 /* Assets.xcassets */ = {isa = PBXFileReference; lastKnownFileType = folder.assetcatalog; path = Assets.xcassets; sourceTree = "<group>"; };
		0ED2DD762296523500B82F02 /* Base */ = {isa = PBXFileReference; lastKnownFileType = file.storyboard; name = Base; path = Base.lproj/LaunchScreen.storyboard; sourceTree = "<group>"; };
		0ED2DD782296523500B82F02 /* Info.plist */ = {isa = PBXFileReference; lastKnownFileType = text.plist.xml; path = Info.plist; sourceTree = "<group>"; };
		0ED2DD792296523500B82F02 /* main.m */ = {isa = PBXFileReference; lastKnownFileType = sourcecode.c.objc; path = main.m; sourceTree = "<group>"; };
		0ED2DD7F2296523500B82F02 /* CustomButtonsTests.xctest */ = {isa = PBXFileReference; explicitFileType = wrapper.cfbundle; includeInIndex = 0; path = CustomButtonsTests.xctest; sourceTree = BUILT_PRODUCTS_DIR; };
		0ED2DD832296523500B82F02 /* CustomButtonsTests.m */ = {isa = PBXFileReference; lastKnownFileType = sourcecode.c.objc; path = CustomButtonsTests.m; sourceTree = "<group>"; };
		0ED2DD852296523500B82F02 /* Info.plist */ = {isa = PBXFileReference; lastKnownFileType = text.plist.xml; path = Info.plist; sourceTree = "<group>"; };
		0ED2DD8A2296523500B82F02 /* CustomButtonsUITests.xctest */ = {isa = PBXFileReference; explicitFileType = wrapper.cfbundle; includeInIndex = 0; path = CustomButtonsUITests.xctest; sourceTree = BUILT_PRODUCTS_DIR; };
		0ED2DD8E2296523500B82F02 /* CustomButtonsUITests.m */ = {isa = PBXFileReference; lastKnownFileType = sourcecode.c.objc; path = CustomButtonsUITests.m; sourceTree = "<group>"; };
		0ED2DD902296523500B82F02 /* Info.plist */ = {isa = PBXFileReference; lastKnownFileType = text.plist.xml; path = Info.plist; sourceTree = "<group>"; };
/* End PBXFileReference section */

/* Begin PBXFrameworksBuildPhase section */
		0ED2DD642296523400B82F02 /* Frameworks */ = {
			isa = PBXFrameworksBuildPhase;
			buildActionMask = 2147483647;
			files = (
			);
			runOnlyForDeploymentPostprocessing = 0;
		};
		0ED2DD7C2296523500B82F02 /* Frameworks */ = {
			isa = PBXFrameworksBuildPhase;
			buildActionMask = 2147483647;
			files = (
			);
			runOnlyForDeploymentPostprocessing = 0;
		};
		0ED2DD872296523500B82F02 /* Frameworks */ = {
			isa = PBXFrameworksBuildPhase;
			buildActionMask = 2147483647;
			files = (
			);
			runOnlyForDeploymentPostprocessing = 0;
		};
/* End PBXFrameworksBuildPhase section */

/* Begin PBXGroup section */
		0ED2DD5E2296523400B82F02 = {
			isa = PBXGroup;
			children = (
				0ED2DD692296523400B82F02 /* CustomButtons */,
				0ED2DD822296523500B82F02 /* CustomButtonsTests */,
				0ED2DD8D2296523500B82F02 /* CustomButtonsUITests */,
				0ED2DD682296523400B82F02 /* Products */,
			);
			sourceTree = "<group>";
		};
		0ED2DD682296523400B82F02 /* Products */ = {
			isa = PBXGroup;
			children = (
				0ED2DD672296523400B82F02 /* CustomButtons.app */,
				0ED2DD7F2296523500B82F02 /* CustomButtonsTests.xctest */,
				0ED2DD8A2296523500B82F02 /* CustomButtonsUITests.xctest */,
			);
			name = Products;
			sourceTree = "<group>";
		};
		0ED2DD692296523400B82F02 /* CustomButtons */ = {
			isa = PBXGroup;
			children = (
				0ED2DD6A2296523400B82F02 /* AppDelegate.h */,
				0ED2DD6B2296523400B82F02 /* AppDelegate.m */,
				0ED2DD6D2296523400B82F02 /* ViewController.h */,
				0ED2DD6E2296523400B82F02 /* ViewController.m */,
				0ED2DD702296523400B82F02 /* Main.storyboard */,
				0ED2DD732296523500B82F02 /* Assets.xcassets */,
				0ED2DD752296523500B82F02 /* LaunchScreen.storyboard */,
				0ED2DD782296523500B82F02 /* Info.plist */,
				0ED2DD792296523500B82F02 /* main.m */,
			);
			path = CustomButtons;
			sourceTree = "<group>";
		};
		0ED2DD822296523500B82F02 /* CustomButtonsTests */ = {
			isa = PBXGroup;
			children = (
				0ED2DD832296523500B82F02 /* CustomButtonsTests.m */,
				0ED2DD852296523500B82F02 /* Info.plist */,
			);
			path = CustomButtonsTests;
			sourceTree = "<group>";
		};
		0ED2DD8D2296523500B82F02 /* CustomButtonsUITests */ = {
			isa = PBXGroup;
			children = (
				0ED2DD8E2296523500B82F02 /* CustomButtonsUITests.m */,
				0ED2DD902296523500B82F02 /* Info.plist */,
			);
			path = CustomButtonsUITests;
			sourceTree = "<group>";
		};
/* End PBXGroup section */

/* Begin PBXNativeTarget section */
		0ED2DD662296523400B82F02 /* CustomButtons */ = {
			isa = PBXNativeTarget;
			buildConfigurationList = 0ED2DD932296523500B82F02 /* Build configuration list for PBXNativeTarget "CustomButtons" */;
			buildPhases = (
				0ED2DD632296523400B82F02 /* Sources */,
				0ED2DD642296523400B82F02 /* Frameworks */,
				0ED2DD652296523400B82F02 /* Resources */,
			);
			buildRules = (
			);
			dependencies = (
			);
			name = CustomButtons;
			productName = CustomButtons;
			productReference = 0ED2DD672296523400B82F02 /* CustomButtons.app */;
			productType = "com.apple.product-type.application";
		};
		0ED2DD7E2296523500B82F02 /* CustomButtonsTests */ = {
			isa = PBXNativeTarget;
			buildConfigurationList = 0ED2DD962296523500B82F02 /* Build configuration list for PBXNativeTarget "CustomButtonsTests" */;
			buildPhases = (
				0ED2DD7B2296523500B82F02 /* Sources */,
				0ED2DD7C2296523500B82F02 /* Frameworks */,
				0ED2DD7D2296523500B82F02 /* Resources */,
			);
			buildRules = (
			);
			dependencies = (
				0ED2DD812296523500B82F02 /* PBXTargetDependency */,
			);
			name = CustomButtonsTests;
			productName = CustomButtonsTests;
			productReference = 0ED2DD7F2296523500B82F02 /* CustomButtonsTests.xctest */;
			productType = "com.apple.product-type.bundle.unit-test";
		};
		0ED2DD892296523500B82F02 /* CustomButtonsUITests */ = {
			isa = PBXNativeTarget;
			buildConfigurationList = 0ED2DD992296523500B82F02 /* Build configuration list for PBXNativeTarget "CustomButtonsUITests" */;
			buildPhases = (
				0ED2DD862296523500B82F02 /* Sources */,
				0ED2DD872296523500B82F02 /* Frameworks */,
				0ED2DD882296523500B82F02 /* Resources */,
			);
			buildRules = (
			);
			dependencies = (
				0ED2DD8C2296523500B82F02 /* PBXTargetDependency */,
			);
			name = CustomButtonsUITests;
			productName = CustomButtonsUITests;
			productReference = 0ED2DD8A2296523500B82F02 /* CustomButtonsUITests.xctest */;
			productType = "com.apple.product-type.bundle.ui-testing";
		};
/* End PBXNativeTarget section */

/* Begin PBXProject section */
		0ED2DD5F2296523400B82F02 /* Project object */ = {
			isa = PBXProject;
			attributes = {
				LastUpgradeCheck = 1010;
				ORGANIZATIONNAME = "Zihua Liu";
				TargetAttributes = {
					0ED2DD662296523400B82F02 = {
						CreatedOnToolsVersion = 10.1;
					};
					0ED2DD7E2296523500B82F02 = {
						CreatedOnToolsVersion = 10.1;
						TestTargetID = 0ED2DD662296523400B82F02;
					};
					0ED2DD892296523500B82F02 = {
						CreatedOnToolsVersion = 10.1;
						TestTargetID = 0ED2DD662296523400B82F02;
					};
				};
			};
			buildConfigurationList = 0ED2DD622296523400B82F02 /* Build configuration list for PBXProject "CustomButtons" */;
			compatibilityVersion = "Xcode 9.3";
			developmentRegion = en;
			hasScannedForEncodings = 0;
			knownRegions = (
				en,
				Base,
			);
			mainGroup = 0ED2DD5E2296523400B82F02;
			productRefGroup = 0ED2DD682296523400B82F02 /* Products */;
			projectDirPath = "";
			projectRoot = "";
			targets = (
				0ED2DD662296523400B82F02 /* CustomButtons */,
				0ED2DD7E2296523500B82F02 /* CustomButtonsTests */,
				0ED2DD892296523500B82F02 /* CustomButtonsUITests */,
			);
		};
/* End PBXProject section */

/* Begin PBXResourcesBuildPhase section */
		0ED2DD652296523400B82F02 /* Resources */ = {
			isa = PBXResourcesBuildPhase;
			buildActionMask = 2147483647;
			files = (
				0ED2DD772296523500B82F02 /* LaunchScreen.storyboard in Resources */,
				0ED2DD742296523500B82F02 /* Assets.xcassets in Resources */,
				0ED2DD722296523400B82F02 /* Main.storyboard in Resources */,
			);
			runOnlyForDeploymentPostprocessing = 0;
		};
		0ED2DD7D2296523500B82F02 /* Resources */ = {
			isa = PBXResourcesBuildPhase;
			buildActionMask = 2147483647;
			files = (
			);
			runOnlyForDeploymentPostprocessing = 0;
		};
		0ED2DD882296523500B82F02 /* Resources */ = {
			isa = PBXResourcesBuildPhase;
			buildActionMask = 2147483647;
			files = (
			);
			runOnlyForDeploymentPostprocessing = 0;
		};
/* End PBXResourcesBuildPhase section */

/* Begin PBXSourcesBuildPhase section */
		0ED2DD632296523400B82F02 /* Sources */ = {
			isa = PBXSourcesBuildPhase;
			buildActionMask = 2147483647;
			files = (
				0ED2DD6F2296523400B82F02 /* ViewController.m in Sources */,
				0ED2DD7A2296523500B82F02 /* main.m in Sources */,
				0ED2DD6C2296523400B82F02 /* AppDelegate.m in Sources */,
			);
			runOnlyForDeploymentPostprocessing = 0;
		};
		0ED2DD7B2296523500B82F02 /* Sources */ = {
			isa = PBXSourcesBuildPhase;
			buildActionMask = 2147483647;
			files = (
				0ED2DD842296523500B82F02 /* CustomButtonsTests.m in Sources */,
			);
			runOnlyForDeploymentPostprocessing = 0;
		};
		0ED2DD862296523500B82F02 /* Sources */ = {
			isa = PBXSourcesBuildPhase;
			buildActionMask = 2147483647;
			files = (
				0ED2DD8F2296523500B82F02 /* CustomButtonsUITests.m in Sources */,
			);
			runOnlyForDeploymentPostprocessing = 0;
		};
/* End PBXSourcesBuildPhase section */

/* Begin PBXTargetDependency section */
		0ED2DD812296523500B82F02 /* PBXTargetDependency */ = {
			isa = PBXTargetDependency;
			target = 0ED2DD662296523400B82F02 /* CustomButtons */;
			targetProxy = 0ED2DD802296523500B82F02 /* PBXContainerItemProxy */;
		};
		0ED2DD8C2296523500B82F02 /* PBXTargetDependency */ = {
			isa = PBXTargetDependency;
			target = 0ED2DD662296523400B82F02 /* CustomButtons */;
			targetProxy = 0ED2DD8B2296523500B82F02 /* PBXContainerItemProxy */;
		};
/* End PBXTargetDependency section */

/* Begin PBXVariantGroup section */
		0ED2DD702296523400B82F02 /* Main.storyboard */ = {
			isa = PBXVariantGroup;
			children = (
				0ED2DD712296523400B82F02 /* Base */,
			);
			name = Main.storyboard;
			sourceTree = "<group>";
		};
		0ED2DD752296523500B82F02 /* LaunchScreen.storyboard */ = {
			isa = PBXVariantGroup;
			children = (
				0ED2DD762296523500B82F02 /* Base */,
			);
			name = LaunchScreen.storyboard;
			sourceTree = "<group>";
		};
/* End PBXVariantGroup section */

/* Begin XCBuildConfiguration section */
		0ED2DD912296523500B82F02 /* Debug */ = {
			isa = XCBuildConfiguration;
			buildSettings = {
				ALWAYS_SEARCH_USER_PATHS = NO;
				CLANG_ANALYZER_NONNULL = YES;
				CLANG_ANALYZER_NUMBER_OBJECT_CONVERSION = YES_AGGRESSIVE;
				CLANG_CXX_LANGUAGE_STANDARD = "gnu++14";
				CLANG_CXX_LIBRARY = "libc++";
				CLANG_ENABLE_MODULES = YES;
				CLANG_ENABLE_OBJC_ARC = YES;
				CLANG_ENABLE_OBJC_WEAK = YES;
				CLANG_WARN_BLOCK_CAPTURE_AUTORELEASING = YES;
				CLANG_WARN_BOOL_CONVERSION = YES;
				CLANG_WARN_COMMA = YES;
				CLANG_WARN_CONSTANT_CONVERSION = YES;
				CLANG_WARN_DEPRECATED_OBJC_IMPLEMENTATIONS = YES;
				CLANG_WARN_DIRECT_OBJC_ISA_USAGE = YES_ERROR;
				CLANG_WARN_DOCUMENTATION_COMMENTS = YES;
				CLANG_WARN_EMPTY_BODY = YES;
				CLANG_WARN_ENUM_CONVERSION = YES;
				CLANG_WARN_INFINITE_RECURSION = YES;
				CLANG_WARN_INT_CONVERSION = YES;
				CLANG_WARN_NON_LITERAL_NULL_CONVERSION = YES;
				CLANG_WARN_OBJC_IMPLICIT_RETAIN_SELF = YES;
				CLANG_WARN_OBJC_LITERAL_CONVERSION = YES;
				CLANG_WARN_OBJC_ROOT_CLASS = YES_ERROR;
				CLANG_WARN_RANGE_LOOP_ANALYSIS = YES;
				CLANG_WARN_STRICT_PROTOTYPES = YES;
				CLANG_WARN_SUSPICIOUS_MOVE = YES;
				CLANG_WARN_UNGUARDED_AVAILABILITY = YES_AGGRESSIVE;
				CLANG_WARN_UNREACHABLE_CODE = YES;
				CLANG_WARN__DUPLICATE_METHOD_MATCH = YES;
				CODE_SIGN_IDENTITY = "iPhone Developer";
				COPY_PHASE_STRIP = NO;
				DEBUG_INFORMATION_FORMAT = dwarf;
				ENABLE_STRICT_OBJC_MSGSEND = YES;
				ENABLE_TESTABILITY = YES;
				GCC_C_LANGUAGE_STANDARD = gnu11;
				GCC_DYNAMIC_NO_PIC = NO;
				GCC_NO_COMMON_BLOCKS = YES;
				GCC_OPTIMIZATION_LEVEL = 0;
				GCC_PREPROCESSOR_DEFINITIONS = (
					"DEBUG=1",
					"$(inherited)",
				);
				GCC_WARN_64_TO_32_BIT_CONVERSION = YES;
				GCC_WARN_ABOUT_RETURN_TYPE = YES_ERROR;
				GCC_WARN_UNDECLARED_SELECTOR = YES;
				GCC_WARN_UNINITIALIZED_AUTOS = YES_AGGRESSIVE;
				GCC_WARN_UNUSED_FUNCTION = YES;
				GCC_WARN_UNUSED_VARIABLE = YES;
				IPHONEOS_DEPLOYMENT_TARGET = 12.1;
				MTL_ENABLE_DEBUG_INFO = INCLUDE_SOURCE;
				MTL_FAST_MATH = YES;
				ONLY_ACTIVE_ARCH = YES;
				SDKROOT = iphoneos;
			};
			name = Debug;
		};
		0ED2DD922296523500B82F02 /* Release */ = {
			isa = XCBuildConfiguration;
			buildSettings = {
				ALWAYS_SEARCH_USER_PATHS = NO;
				CLANG_ANALYZER_NONNULL = YES;
				CLANG_ANALYZER_NUMBER_OBJECT_CONVERSION = YES_AGGRESSIVE;
				CLANG_CXX_LANGUAGE_STANDARD = "gnu++14";
				CLANG_CXX_LIBRARY = "libc++";
				CLANG_ENABLE_MODULES = YES;
				CLANG_ENABLE_OBJC_ARC = YES;
				CLANG_ENABLE_OBJC_WEAK = YES;
				CLANG_WARN_BLOCK_CAPTURE_AUTORELEASING = YES;
				CLANG_WARN_BOOL_CONVERSION = YES;
				CLANG_WARN_COMMA = YES;
				CLANG_WARN_CONSTANT_CONVERSION = YES;
				CLANG_WARN_DEPRECATED_OBJC_IMPLEMENTATIONS = YES;
				CLANG_WARN_DIRECT_OBJC_ISA_USAGE = YES_ERROR;
				CLANG_WARN_DOCUMENTATION_COMMENTS = YES;
				CLANG_WARN_EMPTY_BODY = YES;
				CLANG_WARN_ENUM_CONVERSION = YES;
				CLANG_WARN_INFINITE_RECURSION = YES;
				CLANG_WARN_INT_CONVERSION = YES;
				CLANG_WARN_NON_LITERAL_NULL_CONVERSION = YES;
				CLANG_WARN_OBJC_IMPLICIT_RETAIN_SELF = YES;
				CLANG_WARN_OBJC_LITERAL_CONVERSION = YES;
				CLANG_WARN_OBJC_ROOT_CLASS = YES_ERROR;
				CLANG_WARN_RANGE_LOOP_ANALYSIS = YES;
				CLANG_WARN_STRICT_PROTOTYPES = YES;
				CLANG_WARN_SUSPICIOUS_MOVE = YES;
				CLANG_WARN_UNGUARDED_AVAILABILITY = YES_AGGRESSIVE;
				CLANG_WARN_UNREACHABLE_CODE = YES;
				CLANG_WARN__DUPLICATE_METHOD_MATCH = YES;
				CODE_SIGN_IDENTITY = "iPhone Developer";
				COPY_PHASE_STRIP = NO;
				DEBUG_INFORMATION_FORMAT = "dwarf-with-dsym";
				ENABLE_NS_ASSERTIONS = NO;
				ENABLE_STRICT_OBJC_MSGSEND = YES;
				GCC_C_LANGUAGE_STANDARD = gnu11;
				GCC_NO_COMMON_BLOCKS = YES;
				GCC_WARN_64_TO_32_BIT_CONVERSION = YES;
				GCC_WARN_ABOUT_RETURN_TYPE = YES_ERROR;
				GCC_WARN_UNDECLARED_SELECTOR = YES;
				GCC_WARN_UNINITIALIZED_AUTOS = YES_AGGRESSIVE;
				GCC_WARN_UNUSED_FUNCTION = YES;
				GCC_WARN_UNUSED_VARIABLE = YES;
				IPHONEOS_DEPLOYMENT_TARGET = 12.1;
				MTL_ENABLE_DEBUG_INFO = NO;
				MTL_FAST_MATH = YES;
				SDKROOT = iphoneos;
				VALIDATE_PRODUCT = YES;
			};
			name = Release;
		};
		0ED2DD942296523500B82F02 /* Debug */ = {
			isa = XCBuildConfiguration;
			buildSettings = {
				ASSETCATALOG_COMPILER_APPICON_NAME = AppIcon;
				CODE_SIGN_STYLE = Automatic;
				DEVELOPMENT_TEAM = 9GG75SG3D4;
				INFOPLIST_FILE = CustomButtons/Info.plist;
				LD_RUNPATH_SEARCH_PATHS = (
					"$(inherited)",
					"@executable_path/Frameworks",
				);
				PRODUCT_BUNDLE_IDENTIFIER = edu.cmu.andrew.CustomButtons;
				PRODUCT_NAME = "$(TARGET_NAME)";
				TARGETED_DEVICE_FAMILY = "1,2";
			};
			name = Debug;
		};
		0ED2DD952296523500B82F02 /* Release */ = {
			isa = XCBuildConfiguration;
			buildSettings = {
				ASSETCATALOG_COMPILER_APPICON_NAME = AppIcon;
				CODE_SIGN_STYLE = Automatic;
				DEVELOPMENT_TEAM = 9GG75SG3D4;
				INFOPLIST_FILE = CustomButtons/Info.plist;
				LD_RUNPATH_SEARCH_PATHS = (
					"$(inherited)",
					"@executable_path/Frameworks",
				);
				PRODUCT_BUNDLE_IDENTIFIER = edu.cmu.andrew.CustomButtons;
				PRODUCT_NAME = "$(TARGET_NAME)";
				TARGETED_DEVICE_FAMILY = "1,2";
			};
			name = Release;
		};
		0ED2DD972296523500B82F02 /* Debug */ = {
			isa = XCBuildConfiguration;
			buildSettings = {
				BUNDLE_LOADER = "$(TEST_HOST)";
				CODE_SIGN_STYLE = Automatic;
				DEVELOPMENT_TEAM = 9GG75SG3D4;
				INFOPLIST_FILE = CustomButtonsTests/Info.plist;
				LD_RUNPATH_SEARCH_PATHS = (
					"$(inherited)",
					"@executable_path/Frameworks",
					"@loader_path/Frameworks",
				);
				PRODUCT_BUNDLE_IDENTIFIER = edu.cmu.andrew.CustomButtonsTests;
				PRODUCT_NAME = "$(TARGET_NAME)";
				TARGETED_DEVICE_FAMILY = "1,2";
				TEST_HOST = "$(BUILT_PRODUCTS_DIR)/CustomButtons.app/CustomButtons";
			};
			name = Debug;
		};
		0ED2DD982296523500B82F02 /* Release */ = {
			isa = XCBuildConfiguration;
			buildSettings = {
				BUNDLE_LOADER = "$(TEST_HOST)";
				CODE_SIGN_STYLE = Automatic;
				DEVELOPMENT_TEAM = 9GG75SG3D4;
				INFOPLIST_FILE = CustomButtonsTests/Info.plist;
				LD_RUNPATH_SEARCH_PATHS = (
					"$(inherited)",
					"@executable_path/Frameworks",
					"@loader_path/Frameworks",
				);
				PRODUCT_BUNDLE_IDENTIFIER = edu.cmu.andrew.CustomButtonsTests;
				PRODUCT_NAME = "$(TARGET_NAME)";
				TARGETED_DEVICE_FAMILY = "1,2";
				TEST_HOST = "$(BUILT_PRODUCTS_DIR)/CustomButtons.app/CustomButtons";
			};
			name = Release;
		};
		0ED2DD9A2296523500B82F02 /* Debug */ = {
			isa = XCBuildConfiguration;
			buildSettings = {
				CODE_SIGN_STYLE = Automatic;
				DEVELOPMENT_TEAM = 9GG75SG3D4;
				INFOPLIST_FILE = CustomButtonsUITests/Info.plist;
				LD_RUNPATH_SEARCH_PATHS = (
					"$(inherited)",
					"@executable_path/Frameworks",
					"@loader_path/Frameworks",
				);
				PRODUCT_BUNDLE_IDENTIFIER = edu.cmu.andrew.CustomButtonsUITests;
				PRODUCT_NAME = "$(TARGET_NAME)";
				TARGETED_DEVICE_FAMILY = "1,2";
				TEST_TARGET_NAME = CustomButtons;
			};
			name = Debug;
		};
		0ED2DD9B2296523500B82F02 /* Release */ = {
			isa = XCBuildConfiguration;
			buildSettings = {
				CODE_SIGN_STYLE = Automatic;
				DEVELOPMENT_TEAM = 9GG75SG3D4;
				INFOPLIST_FILE = CustomButtonsUITests/Info.plist;
				LD_RUNPATH_SEARCH_PATHS = (
					"$(inherited)",
					"@executable_path/Frameworks",
					"@loader_path/Frameworks",
				);
				PRODUCT_BUNDLE_IDENTIFIER = edu.cmu.andrew.CustomButtonsUITests;
				PRODUCT_NAME = "$(TARGET_NAME)";
				TARGETED_DEVICE_FAMILY = "1,2";
				TEST_TARGET_NAME = CustomButtons;
			};
			name = Release;
		};
/* End XCBuildConfiguration section */

/* Begin XCConfigurationList section */
		0ED2DD622296523400B82F02 /* Build configuration list for PBXProject "CustomButtons" */ = {
			isa = XCConfigurationList;
			buildConfigurations = (
				0ED2DD912296523500B82F02 /* Debug */,
				0ED2DD922296523500B82F02 /* Release */,
			);
			defaultConfigurationIsVisible = 0;
			defaultConfigurationName = Release;
		};
		0ED2DD932296523500B82F02 /* Build configuration list for PBXNativeTarget "CustomButtons" */ = {
			isa = XCConfigurationList;
			buildConfigurations = (
				0ED2DD942296523500B82F02 /* Debug */,
				0ED2DD952296523500B82F02 /* Release */,
			);
			defaultConfigurationIsVisible = 0;
			defaultConfigurationName = Release;
		};
		0ED2DD962296523500B82F02 /* Build configuration list for PBXNativeTarget "CustomButtonsTests" */ = {
			isa = XCConfigurationList;
			buildConfigurations = (
				0ED2DD972296523500B82F02 /* Debug */,
				0ED2DD982296523500B82F02 /* Release */,
			);
			defaultConfigurationIsVisible = 0;
			defaultConfigurationName = Release;
		};
		0ED2DD992296523500B82F02 /* Build configuration list for PBXNativeTarget "CustomButtonsUITests" */ = {
			isa = XCConfigurationList;
			buildConfigurations = (
				0ED2DD9A2296523500B82F02 /* Debug */,
				0ED2DD9B2296523500B82F02 /* Release */,
			);
			defaultConfigurationIsVisible = 0;
			defaultConfigurationName = Release;
		};
/* End XCConfigurationList section */
	};
	rootObject = 0ED2DD5F2296523400B82F02 /* Project object */;
}
