// !$*UTF8*$!
{
	archiveVersion = 1;
	classes = {
	};
	objectVersion = 50;
	objects = {

/* Begin PBXBuildFile section */
		0E1B303F2291E1C7008BA92A /* AppDelegate.m in Sources */ = {isa = PBXBuildFile; fileRef = 0E1B303E2291E1C7008BA92A /* AppDelegate.m */; };
		0E1B30422291E1C7008BA92A /* ViewController.m in Sources */ = {isa = PBXBuildFile; fileRef = 0E1B30412291E1C7008BA92A /* ViewController.m */; };
		0E1B30452291E1C7008BA92A /* Main.storyboard in Resources */ = {isa = PBXBuildFile; fileRef = 0E1B30432291E1C7008BA92A /* Main.storyboard */; };
		0E1B30472291E1C8008BA92A /* Assets.xcassets in Resources */ = {isa = PBXBuildFile; fileRef = 0E1B30462291E1C8008BA92A /* Assets.xcassets */; };
		0E1B304A2291E1C8008BA92A /* LaunchScreen.storyboard in Resources */ = {isa = PBXBuildFile; fileRef = 0E1B30482291E1C8008BA92A /* LaunchScreen.storyboard */; };
		0E1B304D2291E1C8008BA92A /* main.m in Sources */ = {isa = PBXBuildFile; fileRef = 0E1B304C2291E1C8008BA92A /* main.m */; };
		0E1B30572291E1C8008BA92A /* DelayingActionsTests.m in Sources */ = {isa = PBXBuildFile; fileRef = 0E1B30562291E1C8008BA92A /* DelayingActionsTests.m */; };
		0E1B30622291E1C8008BA92A /* DelayingActionsUITests.m in Sources */ = {isa = PBXBuildFile; fileRef = 0E1B30612291E1C8008BA92A /* DelayingActionsUITests.m */; };
/* End PBXBuildFile section */

/* Begin PBXContainerItemProxy section */
		0E1B30532291E1C8008BA92A /* PBXContainerItemProxy */ = {
			isa = PBXContainerItemProxy;
			containerPortal = 0E1B30322291E1C7008BA92A /* Project object */;
			proxyType = 1;
			remoteGlobalIDString = 0E1B30392291E1C7008BA92A;
			remoteInfo = DelayingActions;
		};
		0E1B305E2291E1C8008BA92A /* PBXContainerItemProxy */ = {
			isa = PBXContainerItemProxy;
			containerPortal = 0E1B30322291E1C7008BA92A /* Project object */;
			proxyType = 1;
			remoteGlobalIDString = 0E1B30392291E1C7008BA92A;
			remoteInfo = DelayingActions;
		};
/* End PBXContainerItemProxy section */

/* Begin PBXFileReference section */
		0E1B303A2291E1C7008BA92A /* DelayingActions.app */ = {isa = PBXFileReference; explicitFileType = wrapper.application; includeInIndex = 0; path = DelayingActions.app; sourceTree = BUILT_PRODUCTS_DIR; };
		0E1B303D2291E1C7008BA92A /* AppDelegate.h */ = {isa = PBXFileReference; lastKnownFileType = sourcecode.c.h; path = AppDelegate.h; sourceTree = "<group>"; };
		0E1B303E2291E1C7008BA92A /* AppDelegate.m */ = {isa = PBXFileReference; lastKnownFileType = sourcecode.c.objc; path = AppDelegate.m; sourceTree = "<group>"; };
		0E1B30402291E1C7008BA92A /* ViewController.h */ = {isa = PBXFileReference; lastKnownFileType = sourcecode.c.h; path = ViewController.h; sourceTree = "<group>"; };
		0E1B30412291E1C7008BA92A /* ViewController.m */ = {isa = PBXFileReference; lastKnownFileType = sourcecode.c.objc; path = ViewController.m; sourceTree = "<group>"; };
		0E1B30442291E1C7008BA92A /* Base */ = {isa = PBXFileReference; lastKnownFileType = file.storyboard; name = Base; path = Base.lproj/Main.storyboard; sourceTree = "<group>"; };
		0E1B30462291E1C8008BA92A /* Assets.xcassets */ = {isa = PBXFileReference; lastKnownFileType = folder.assetcatalog; path = Assets.xcassets; sourceTree = "<group>"; };
		0E1B30492291E1C8008BA92A /* Base */ = {isa = PBXFileReference; lastKnownFileType = file.storyboard; name = Base; path = Base.lproj/LaunchScreen.storyboard; sourceTree = "<group>"; };
		0E1B304B2291E1C8008BA92A /* Info.plist */ = {isa = PBXFileReference; lastKnownFileType = text.plist.xml; path = Info.plist; sourceTree = "<group>"; };
		0E1B304C2291E1C8008BA92A /* main.m */ = {isa = PBXFileReference; lastKnownFileType = sourcecode.c.objc; path = main.m; sourceTree = "<group>"; };
		0E1B30522291E1C8008BA92A /* DelayingActionsTests.xctest */ = {isa = PBXFileReference; explicitFileType = wrapper.cfbundle; includeInIndex = 0; path = DelayingActionsTests.xctest; sourceTree = BUILT_PRODUCTS_DIR; };
		0E1B30562291E1C8008BA92A /* DelayingActionsTests.m */ = {isa = PBXFileReference; lastKnownFileType = sourcecode.c.objc; path = DelayingActionsTests.m; sourceTree = "<group>"; };
		0E1B30582291E1C8008BA92A /* Info.plist */ = {isa = PBXFileReference; lastKnownFileType = text.plist.xml; path = Info.plist; sourceTree = "<group>"; };
		0E1B305D2291E1C8008BA92A /* DelayingActionsUITests.xctest */ = {isa = PBXFileReference; explicitFileType = wrapper.cfbundle; includeInIndex = 0; path = DelayingActionsUITests.xctest; sourceTree = BUILT_PRODUCTS_DIR; };
		0E1B30612291E1C8008BA92A /* DelayingActionsUITests.m */ = {isa = PBXFileReference; lastKnownFileType = sourcecode.c.objc; path = DelayingActionsUITests.m; sourceTree = "<group>"; };
		0E1B30632291E1C8008BA92A /* Info.plist */ = {isa = PBXFileReference; lastKnownFileType = text.plist.xml; path = Info.plist; sourceTree = "<group>"; };
/* End PBXFileReference section */

/* Begin PBXFrameworksBuildPhase section */
		0E1B30372291E1C7008BA92A /* Frameworks */ = {
			isa = PBXFrameworksBuildPhase;
			buildActionMask = 2147483647;
			files = (
			);
			runOnlyForDeploymentPostprocessing = 0;
		};
		0E1B304F2291E1C8008BA92A /* Frameworks */ = {
			isa = PBXFrameworksBuildPhase;
			buildActionMask = 2147483647;
			files = (
			);
			runOnlyForDeploymentPostprocessing = 0;
		};
		0E1B305A2291E1C8008BA92A /* Frameworks */ = {
			isa = PBXFrameworksBuildPhase;
			buildActionMask = 2147483647;
			files = (
			);
			runOnlyForDeploymentPostprocessing = 0;
		};
/* End PBXFrameworksBuildPhase section */

/* Begin PBXGroup section */
		0E1B30312291E1C7008BA92A = {
			isa = PBXGroup;
			children = (
				0E1B303C2291E1C7008BA92A /* DelayingActions */,
				0E1B30552291E1C8008BA92A /* DelayingActionsTests */,
				0E1B30602291E1C8008BA92A /* DelayingActionsUITests */,
				0E1B303B2291E1C7008BA92A /* Products */,
			);
			sourceTree = "<group>";
		};
		0E1B303B2291E1C7008BA92A /* Products */ = {
			isa = PBXGroup;
			children = (
				0E1B303A2291E1C7008BA92A /* DelayingActions.app */,
				0E1B30522291E1C8008BA92A /* DelayingActionsTests.xctest */,
				0E1B305D2291E1C8008BA92A /* DelayingActionsUITests.xctest */,
			);
			name = Products;
			sourceTree = "<group>";
		};
		0E1B303C2291E1C7008BA92A /* DelayingActions */ = {
			isa = PBXGroup;
			children = (
				0E1B303D2291E1C7008BA92A /* AppDelegate.h */,
				0E1B303E2291E1C7008BA92A /* AppDelegate.m */,
				0E1B30402291E1C7008BA92A /* ViewController.h */,
				0E1B30412291E1C7008BA92A /* ViewController.m */,
				0E1B30432291E1C7008BA92A /* Main.storyboard */,
				0E1B30462291E1C8008BA92A /* Assets.xcassets */,
				0E1B30482291E1C8008BA92A /* LaunchScreen.storyboard */,
				0E1B304B2291E1C8008BA92A /* Info.plist */,
				0E1B304C2291E1C8008BA92A /* main.m */,
			);
			path = DelayingActions;
			sourceTree = "<group>";
		};
		0E1B30552291E1C8008BA92A /* DelayingActionsTests */ = {
			isa = PBXGroup;
			children = (
				0E1B30562291E1C8008BA92A /* DelayingActionsTests.m */,
				0E1B30582291E1C8008BA92A /* Info.plist */,
			);
			path = DelayingActionsTests;
			sourceTree = "<group>";
		};
		0E1B30602291E1C8008BA92A /* DelayingActionsUITests */ = {
			isa = PBXGroup;
			children = (
				0E1B30612291E1C8008BA92A /* DelayingActionsUITests.m */,
				0E1B30632291E1C8008BA92A /* Info.plist */,
			);
			path = DelayingActionsUITests;
			sourceTree = "<group>";
		};
/* End PBXGroup section */

/* Begin PBXNativeTarget section */
		0E1B30392291E1C7008BA92A /* DelayingActions */ = {
			isa = PBXNativeTarget;
			buildConfigurationList = 0E1B30662291E1C8008BA92A /* Build configuration list for PBXNativeTarget "DelayingActions" */;
			buildPhases = (
				0E1B30362291E1C7008BA92A /* Sources */,
				0E1B30372291E1C7008BA92A /* Frameworks */,
				0E1B30382291E1C7008BA92A /* Resources */,
			);
			buildRules = (
			);
			dependencies = (
			);
			name = DelayingActions;
			productName = DelayingActions;
			productReference = 0E1B303A2291E1C7008BA92A /* DelayingActions.app */;
			productType = "com.apple.product-type.application";
		};
		0E1B30512291E1C8008BA92A /* DelayingActionsTests */ = {
			isa = PBXNativeTarget;
			buildConfigurationList = 0E1B30692291E1C8008BA92A /* Build configuration list for PBXNativeTarget "DelayingActionsTests" */;
			buildPhases = (
				0E1B304E2291E1C8008BA92A /* Sources */,
				0E1B304F2291E1C8008BA92A /* Frameworks */,
				0E1B30502291E1C8008BA92A /* Resources */,
			);
			buildRules = (
			);
			dependencies = (
				0E1B30542291E1C8008BA92A /* PBXTargetDependency */,
			);
			name = DelayingActionsTests;
			productName = DelayingActionsTests;
			productReference = 0E1B30522291E1C8008BA92A /* DelayingActionsTests.xctest */;
			productType = "com.apple.product-type.bundle.unit-test";
		};
		0E1B305C2291E1C8008BA92A /* DelayingActionsUITests */ = {
			isa = PBXNativeTarget;
			buildConfigurationList = 0E1B306C2291E1C8008BA92A /* Build configuration list for PBXNativeTarget "DelayingActionsUITests" */;
			buildPhases = (
				0E1B30592291E1C8008BA92A /* Sources */,
				0E1B305A2291E1C8008BA92A /* Frameworks */,
				0E1B305B2291E1C8008BA92A /* Resources */,
			);
			buildRules = (
			);
			dependencies = (
				0E1B305F2291E1C8008BA92A /* PBXTargetDependency */,
			);
			name = DelayingActionsUITests;
			productName = DelayingActionsUITests;
			productReference = 0E1B305D2291E1C8008BA92A /* DelayingActionsUITests.xctest */;
			productType = "com.apple.product-type.bundle.ui-testing";
		};
/* End PBXNativeTarget section */

/* Begin PBXProject section */
		0E1B30322291E1C7008BA92A /* Project object */ = {
			isa = PBXProject;
			attributes = {
				LastUpgradeCheck = 1010;
				ORGANIZATIONNAME = "Zihua Liu";
				TargetAttributes = {
					0E1B30392291E1C7008BA92A = {
						CreatedOnToolsVersion = 10.1;
					};
					0E1B30512291E1C8008BA92A = {
						CreatedOnToolsVersion = 10.1;
						TestTargetID = 0E1B30392291E1C7008BA92A;
					};
					0E1B305C2291E1C8008BA92A = {
						CreatedOnToolsVersion = 10.1;
						TestTargetID = 0E1B30392291E1C7008BA92A;
					};
				};
			};
			buildConfigurationList = 0E1B30352291E1C7008BA92A /* Build configuration list for PBXProject "DelayingActions" */;
			compatibilityVersion = "Xcode 9.3";
			developmentRegion = en;
			hasScannedForEncodings = 0;
			knownRegions = (
				en,
				Base,
			);
			mainGroup = 0E1B30312291E1C7008BA92A;
			productRefGroup = 0E1B303B2291E1C7008BA92A /* Products */;
			projectDirPath = "";
			projectRoot = "";
			targets = (
				0E1B30392291E1C7008BA92A /* DelayingActions */,
				0E1B30512291E1C8008BA92A /* DelayingActionsTests */,
				0E1B305C2291E1C8008BA92A /* DelayingActionsUITests */,
			);
		};
/* End PBXProject section */

/* Begin PBXResourcesBuildPhase section */
		0E1B30382291E1C7008BA92A /* Resources */ = {
			isa = PBXResourcesBuildPhase;
			buildActionMask = 2147483647;
			files = (
				0E1B304A2291E1C8008BA92A /* LaunchScreen.storyboard in Resources */,
				0E1B30472291E1C8008BA92A /* Assets.xcassets in Resources */,
				0E1B30452291E1C7008BA92A /* Main.storyboard in Resources */,
			);
			runOnlyForDeploymentPostprocessing = 0;
		};
		0E1B30502291E1C8008BA92A /* Resources */ = {
			isa = PBXResourcesBuildPhase;
			buildActionMask = 2147483647;
			files = (
			);
			runOnlyForDeploymentPostprocessing = 0;
		};
		0E1B305B2291E1C8008BA92A /* Resources */ = {
			isa = PBXResourcesBuildPhase;
			buildActionMask = 2147483647;
			files = (
			);
			runOnlyForDeploymentPostprocessing = 0;
		};
/* End PBXResourcesBuildPhase section */

/* Begin PBXSourcesBuildPhase section */
		0E1B30362291E1C7008BA92A /* Sources */ = {
			isa = PBXSourcesBuildPhase;
			buildActionMask = 2147483647;
			files = (
				0E1B30422291E1C7008BA92A /* ViewController.m in Sources */,
				0E1B304D2291E1C8008BA92A /* main.m in Sources */,
				0E1B303F2291E1C7008BA92A /* AppDelegate.m in Sources */,
			);
			runOnlyForDeploymentPostprocessing = 0;
		};
		0E1B304E2291E1C8008BA92A /* Sources */ = {
			isa = PBXSourcesBuildPhase;
			buildActionMask = 2147483647;
			files = (
				0E1B30572291E1C8008BA92A /* DelayingActionsTests.m in Sources */,
			);
			runOnlyForDeploymentPostprocessing = 0;
		};
		0E1B30592291E1C8008BA92A /* Sources */ = {
			isa = PBXSourcesBuildPhase;
			buildActionMask = 2147483647;
			files = (
				0E1B30622291E1C8008BA92A /* DelayingActionsUITests.m in Sources */,
			);
			runOnlyForDeploymentPostprocessing = 0;
		};
/* End PBXSourcesBuildPhase section */

/* Begin PBXTargetDependency section */
		0E1B30542291E1C8008BA92A /* PBXTargetDependency */ = {
			isa = PBXTargetDependency;
			target = 0E1B30392291E1C7008BA92A /* DelayingActions */;
			targetProxy = 0E1B30532291E1C8008BA92A /* PBXContainerItemProxy */;
		};
		0E1B305F2291E1C8008BA92A /* PBXTargetDependency */ = {
			isa = PBXTargetDependency;
			target = 0E1B30392291E1C7008BA92A /* DelayingActions */;
			targetProxy = 0E1B305E2291E1C8008BA92A /* PBXContainerItemProxy */;
		};
/* End PBXTargetDependency section */

/* Begin PBXVariantGroup section */
		0E1B30432291E1C7008BA92A /* Main.storyboard */ = {
			isa = PBXVariantGroup;
			children = (
				0E1B30442291E1C7008BA92A /* Base */,
			);
			name = Main.storyboard;
			sourceTree = "<group>";
		};
		0E1B30482291E1C8008BA92A /* LaunchScreen.storyboard */ = {
			isa = PBXVariantGroup;
			children = (
				0E1B30492291E1C8008BA92A /* Base */,
			);
			name = LaunchScreen.storyboard;
			sourceTree = "<group>";
		};
/* End PBXVariantGroup section */

/* Begin XCBuildConfiguration section */
		0E1B30642291E1C8008BA92A /* Debug */ = {
			isa = XCBuildConfiguration;
			buildSettings = {
				ALWAYS_SEARCH_USER_PATHS = NO;
				CLANG_ANALYZER_NONNULL = YES;
				CLANG_ANALYZER_NUMBER_OBJECT_CONVERSION = YES_AGGRESSIVE;
				CLANG_CXX_LANGUAGE_STANDARD = "gnu++14";
				CLANG_CXX_LIBRARY = "libc++";
				CLANG_ENABLE_MODULES = YES;
				CLANG_ENABLE_OBJC_ARC = YES;
				CLANG_ENABLE_OBJC_WEAK = YES;
				CLANG_WARN_BLOCK_CAPTURE_AUTORELEASING = YES;
				CLANG_WARN_BOOL_CONVERSION = YES;
				CLANG_WARN_COMMA = YES;
				CLANG_WARN_CONSTANT_CONVERSION = YES;
				CLANG_WARN_DEPRECATED_OBJC_IMPLEMENTATIONS = YES;
				CLANG_WARN_DIRECT_OBJC_ISA_USAGE = YES_ERROR;
				CLANG_WARN_DOCUMENTATION_COMMENTS = YES;
				CLANG_WARN_EMPTY_BODY = YES;
				CLANG_WARN_ENUM_CONVERSION = YES;
				CLANG_WARN_INFINITE_RECURSION = YES;
				CLANG_WARN_INT_CONVERSION = YES;
				CLANG_WARN_NON_LITERAL_NULL_CONVERSION = YES;
				CLANG_WARN_OBJC_IMPLICIT_RETAIN_SELF = YES;
				CLANG_WARN_OBJC_LITERAL_CONVERSION = YES;
				CLANG_WARN_OBJC_ROOT_CLASS = YES_ERROR;
				CLANG_WARN_RANGE_LOOP_ANALYSIS = YES;
				CLANG_WARN_STRICT_PROTOTYPES = YES;
				CLANG_WARN_SUSPICIOUS_MOVE = YES;
				CLANG_WARN_UNGUARDED_AVAILABILITY = YES_AGGRESSIVE;
				CLANG_WARN_UNREACHABLE_CODE = YES;
				CLANG_WARN__DUPLICATE_METHOD_MATCH = YES;
				CODE_SIGN_IDENTITY = "iPhone Developer";
				COPY_PHASE_STRIP = NO;
				DEBUG_INFORMATION_FORMAT = dwarf;
				ENABLE_STRICT_OBJC_MSGSEND = YES;
				ENABLE_TESTABILITY = YES;
				GCC_C_LANGUAGE_STANDARD = gnu11;
				GCC_DYNAMIC_NO_PIC = NO;
				GCC_NO_COMMON_BLOCKS = YES;
				GCC_OPTIMIZATION_LEVEL = 0;
				GCC_PREPROCESSOR_DEFINITIONS = (
					"DEBUG=1",
					"$(inherited)",
				);
				GCC_WARN_64_TO_32_BIT_CONVERSION = YES;
				GCC_WARN_ABOUT_RETURN_TYPE = YES_ERROR;
				GCC_WARN_UNDECLARED_SELECTOR = YES;
				GCC_WARN_UNINITIALIZED_AUTOS = YES_AGGRESSIVE;
				GCC_WARN_UNUSED_FUNCTION = YES;
				GCC_WARN_UNUSED_VARIABLE = YES;
				IPHONEOS_DEPLOYMENT_TARGET = 12.1;
				MTL_ENABLE_DEBUG_INFO = INCLUDE_SOURCE;
				MTL_FAST_MATH = YES;
				ONLY_ACTIVE_ARCH = YES;
				SDKROOT = iphoneos;
			};
			name = Debug;
		};
		0E1B30652291E1C8008BA92A /* Release */ = {
			isa = XCBuildConfiguration;
			buildSettings = {
				ALWAYS_SEARCH_USER_PATHS = NO;
				CLANG_ANALYZER_NONNULL = YES;
				CLANG_ANALYZER_NUMBER_OBJECT_CONVERSION = YES_AGGRESSIVE;
				CLANG_CXX_LANGUAGE_STANDARD = "gnu++14";
				CLANG_CXX_LIBRARY = "libc++";
				CLANG_ENABLE_MODULES = YES;
				CLANG_ENABLE_OBJC_ARC = YES;
				CLANG_ENABLE_OBJC_WEAK = YES;
				CLANG_WARN_BLOCK_CAPTURE_AUTORELEASING = YES;
				CLANG_WARN_BOOL_CONVERSION = YES;
				CLANG_WARN_COMMA = YES;
				CLANG_WARN_CONSTANT_CONVERSION = YES;
				CLANG_WARN_DEPRECATED_OBJC_IMPLEMENTATIONS = YES;
				CLANG_WARN_DIRECT_OBJC_ISA_USAGE = YES_ERROR;
				CLANG_WARN_DOCUMENTATION_COMMENTS = YES;
				CLANG_WARN_EMPTY_BODY = YES;
				CLANG_WARN_ENUM_CONVERSION = YES;
				CLANG_WARN_INFINITE_RECURSION = YES;
				CLANG_WARN_INT_CONVERSION = YES;
				CLANG_WARN_NON_LITERAL_NULL_CONVERSION = YES;
				CLANG_WARN_OBJC_IMPLICIT_RETAIN_SELF = YES;
				CLANG_WARN_OBJC_LITERAL_CONVERSION = YES;
				CLANG_WARN_OBJC_ROOT_CLASS = YES_ERROR;
				CLANG_WARN_RANGE_LOOP_ANALYSIS = YES;
				CLANG_WARN_STRICT_PROTOTYPES = YES;
				CLANG_WARN_SUSPICIOUS_MOVE = YES;
				CLANG_WARN_UNGUARDED_AVAILABILITY = YES_AGGRESSIVE;
				CLANG_WARN_UNREACHABLE_CODE = YES;
				CLANG_WARN__DUPLICATE_METHOD_MATCH = YES;
				CODE_SIGN_IDENTITY = "iPhone Developer";
				COPY_PHASE_STRIP = NO;
				DEBUG_INFORMATION_FORMAT = "dwarf-with-dsym";
				ENABLE_NS_ASSERTIONS = NO;
				ENABLE_STRICT_OBJC_MSGSEND = YES;
				GCC_C_LANGUAGE_STANDARD = gnu11;
				GCC_NO_COMMON_BLOCKS = YES;
				GCC_WARN_64_TO_32_BIT_CONVERSION = YES;
				GCC_WARN_ABOUT_RETURN_TYPE = YES_ERROR;
				GCC_WARN_UNDECLARED_SELECTOR = YES;
				GCC_WARN_UNINITIALIZED_AUTOS = YES_AGGRESSIVE;
				GCC_WARN_UNUSED_FUNCTION = YES;
				GCC_WARN_UNUSED_VARIABLE = YES;
				IPHONEOS_DEPLOYMENT_TARGET = 12.1;
				MTL_ENABLE_DEBUG_INFO = NO;
				MTL_FAST_MATH = YES;
				SDKROOT = iphoneos;
				VALIDATE_PRODUCT = YES;
			};
			name = Release;
		};
		0E1B30672291E1C8008BA92A /* Debug */ = {
			isa = XCBuildConfiguration;
			buildSettings = {
				ASSETCATALOG_COMPILER_APPICON_NAME = AppIcon;
				CODE_SIGN_STYLE = Automatic;
				DEVELOPMENT_TEAM = 9GG75SG3D4;
				INFOPLIST_FILE = DelayingActions/Info.plist;
				LD_RUNPATH_SEARCH_PATHS = (
					"$(inherited)",
					"@executable_path/Frameworks",
				);
				PRODUCT_BUNDLE_IDENTIFIER = edu.cmu.andrew.DelayingActions;
				PRODUCT_NAME = "$(TARGET_NAME)";
				TARGETED_DEVICE_FAMILY = "1,2";
			};
			name = Debug;
		};
		0E1B30682291E1C8008BA92A /* Release */ = {
			isa = XCBuildConfiguration;
			buildSettings = {
				ASSETCATALOG_COMPILER_APPICON_NAME = AppIcon;
				CODE_SIGN_STYLE = Automatic;
				DEVELOPMENT_TEAM = 9GG75SG3D4;
				INFOPLIST_FILE = DelayingActions/Info.plist;
				LD_RUNPATH_SEARCH_PATHS = (
					"$(inherited)",
					"@executable_path/Frameworks",
				);
				PRODUCT_BUNDLE_IDENTIFIER = edu.cmu.andrew.DelayingActions;
				PRODUCT_NAME = "$(TARGET_NAME)";
				TARGETED_DEVICE_FAMILY = "1,2";
			};
			name = Release;
		};
		0E1B306A2291E1C8008BA92A /* Debug */ = {
			isa = XCBuildConfiguration;
			buildSettings = {
				BUNDLE_LOADER = "$(TEST_HOST)";
				CODE_SIGN_STYLE = Automatic;
				DEVELOPMENT_TEAM = 9GG75SG3D4;
				INFOPLIST_FILE = DelayingActionsTests/Info.plist;
				LD_RUNPATH_SEARCH_PATHS = (
					"$(inherited)",
					"@executable_path/Frameworks",
					"@loader_path/Frameworks",
				);
				PRODUCT_BUNDLE_IDENTIFIER = edu.cmu.andrew.DelayingActionsTests;
				PRODUCT_NAME = "$(TARGET_NAME)";
				TARGETED_DEVICE_FAMILY = "1,2";
				TEST_HOST = "$(BUILT_PRODUCTS_DIR)/DelayingActions.app/DelayingActions";
			};
			name = Debug;
		};
		0E1B306B2291E1C8008BA92A /* Release */ = {
			isa = XCBuildConfiguration;
			buildSettings = {
				BUNDLE_LOADER = "$(TEST_HOST)";
				CODE_SIGN_STYLE = Automatic;
				DEVELOPMENT_TEAM = 9GG75SG3D4;
				INFOPLIST_FILE = DelayingActionsTests/Info.plist;
				LD_RUNPATH_SEARCH_PATHS = (
					"$(inherited)",
					"@executable_path/Frameworks",
					"@loader_path/Frameworks",
				);
				PRODUCT_BUNDLE_IDENTIFIER = edu.cmu.andrew.DelayingActionsTests;
				PRODUCT_NAME = "$(TARGET_NAME)";
				TARGETED_DEVICE_FAMILY = "1,2";
				TEST_HOST = "$(BUILT_PRODUCTS_DIR)/DelayingActions.app/DelayingActions";
			};
			name = Release;
		};
		0E1B306D2291E1C8008BA92A /* Debug */ = {
			isa = XCBuildConfiguration;
			buildSettings = {
				CODE_SIGN_STYLE = Automatic;
				DEVELOPMENT_TEAM = 9GG75SG3D4;
				INFOPLIST_FILE = DelayingActionsUITests/Info.plist;
				LD_RUNPATH_SEARCH_PATHS = (
					"$(inherited)",
					"@executable_path/Frameworks",
					"@loader_path/Frameworks",
				);
				PRODUCT_BUNDLE_IDENTIFIER = edu.cmu.andrew.DelayingActionsUITests;
				PRODUCT_NAME = "$(TARGET_NAME)";
				TARGETED_DEVICE_FAMILY = "1,2";
				TEST_TARGET_NAME = DelayingActions;
			};
			name = Debug;
		};
		0E1B306E2291E1C8008BA92A /* Release */ = {
			isa = XCBuildConfiguration;
			buildSettings = {
				CODE_SIGN_STYLE = Automatic;
				DEVELOPMENT_TEAM = 9GG75SG3D4;
				INFOPLIST_FILE = DelayingActionsUITests/Info.plist;
				LD_RUNPATH_SEARCH_PATHS = (
					"$(inherited)",
					"@executable_path/Frameworks",
					"@loader_path/Frameworks",
				);
				PRODUCT_BUNDLE_IDENTIFIER = edu.cmu.andrew.DelayingActionsUITests;
				PRODUCT_NAME = "$(TARGET_NAME)";
				TARGETED_DEVICE_FAMILY = "1,2";
				TEST_TARGET_NAME = DelayingActions;
			};
			name = Release;
		};
/* End XCBuildConfiguration section */

/* Begin XCConfigurationList section */
		0E1B30352291E1C7008BA92A /* Build configuration list for PBXProject "DelayingActions" */ = {
			isa = XCConfigurationList;
			buildConfigurations = (
				0E1B30642291E1C8008BA92A /* Debug */,
				0E1B30652291E1C8008BA92A /* Release */,
			);
			defaultConfigurationIsVisible = 0;
			defaultConfigurationName = Release;
		};
		0E1B30662291E1C8008BA92A /* Build configuration list for PBXNativeTarget "DelayingActions" */ = {
			isa = XCConfigurationList;
			buildConfigurations = (
				0E1B30672291E1C8008BA92A /* Debug */,
				0E1B30682291E1C8008BA92A /* Release */,
			);
			defaultConfigurationIsVisible = 0;
			defaultConfigurationName = Release;
		};
		0E1B30692291E1C8008BA92A /* Build configuration list for PBXNativeTarget "DelayingActionsTests" */ = {
			isa = XCConfigurationList;
			buildConfigurations = (
				0E1B306A2291E1C8008BA92A /* Debug */,
				0E1B306B2291E1C8008BA92A /* Release */,
			);
			defaultConfigurationIsVisible = 0;
			defaultConfigurationName = Release;
		};
		0E1B306C2291E1C8008BA92A /* Build configuration list for PBXNativeTarget "DelayingActionsUITests" */ = {
			isa = XCConfigurationList;
			buildConfigurations = (
				0E1B306D2291E1C8008BA92A /* Debug */,
				0E1B306E2291E1C8008BA92A /* Release */,
			);
			defaultConfigurationIsVisible = 0;
			defaultConfigurationName = Release;
		};
/* End XCConfigurationList section */
	};
	rootObject = 0E1B30322291E1C7008BA92A /* Project object */;
}
